
Microsoft Visual Studio Solution File, Format Version 12.00
# Visual Studio Version 17
VisualStudioVersion = 17.9.34622.214
MinimumVisualStudioVersion = 10.0.40219.1
Project("{FAE04EC0-301F-11D3-BF4B-00C04F79EFBC}") = "treeSelection", "treeSelection\treeSelection.csproj", "{763220EF-753D-4E53-9C6A-703724D506FD}"
EndProject
Global
	GlobalSection(SolutionConfigurationPlatforms) = preSolution
		Debug|Any CPU = Debug|Any CPU
		Release|Any CPU = Release|Any CPU
	EndGlobalSection
	GlobalSection(ProjectConfigurationPlatforms) = postSolution
		{763220EF-753D-4E53-9C6A-703724D506FD}.Debug|Any CPU.ActiveCfg = Debug|Any CPU
		{763220EF-753D-4E53-9C6A-703724D506FD}.Debug|Any CPU.Build.0 = Debug|Any CPU
		{763220EF-753D-4E53-9C6A-703724D506FD}.Release|Any CPU.ActiveCfg = Release|Any CPU
		{763220EF-753D-4E53-9C6A-703724D506FD}.Release|Any CPU.Build.0 = Release|Any CPU
	EndGlobalSection
	GlobalSection(SolutionProperties) = preSolution
		HideSolutionNode = FALSE
	EndGlobalSection
	GlobalSection(ExtensibilityGlobals) = postSolution
		SolutionGuid = {69F8114E-1203-4DD7-A361-1E379CD73A37}
	EndGlobalSection
EndGlobal
